
Microsoft Visual Studio Solution File, Format Version 12.00
# Visual Studio Version 16
VisualStudioVersion = 16.0.30114.105
MinimumVisualStudioVersion = 10.0.40219.1
Project("{FAE04EC0-301F-11D3-BF4B-00C04F79EFBC}") = "Mecalux.OrderingWords.Api", "src\Mecalux.OrderingWords.Api\Mecalux.OrderingWords.Api.csproj", "{C6B20664-FBA4-48B8-B979-BEFF20D1305C}"
EndProject
Global
	GlobalSection(SolutionConfigurationPlatforms) = preSolution
		Debug|Any CPU = Debug|Any CPU
		Debug|x64 = Debug|x64
		Debug|x86 = Debug|x86
		Release|Any CPU = Release|Any CPU
		Release|x64 = Release|x64
		Release|x86 = Release|x86
	EndGlobalSection
	GlobalSection(ProjectConfigurationPlatforms) = postSolution
		{C6B20664-FBA4-48B8-B979-BEFF20D1305C}.Debug|Any CPU.ActiveCfg = Debug|Any CPU
		{C6B20664-FBA4-48B8-B979-BEFF20D1305C}.Debug|Any CPU.Build.0 = Debug|Any CPU
		{C6B20664-FBA4-48B8-B979-BEFF20D1305C}.Debug|x64.ActiveCfg = Debug|Any CPU
		{C6B20664-FBA4-48B8-B979-BEFF20D1305C}.Debug|x64.Build.0 = Debug|Any CPU
		{C6B20664-FBA4-48B8-B979-BEFF20D1305C}.Debug|x86.ActiveCfg = Debug|Any CPU
		{C6B20664-FBA4-48B8-B979-BEFF20D1305C}.Debug|x86.Build.0 = Debug|Any CPU
		{C6B20664-FBA4-48B8-B979-BEFF20D1305C}.Release|Any CPU.ActiveCfg = Release|Any CPU
		{C6B20664-FBA4-48B8-B979-BEFF20D1305C}.Release|Any CPU.Build.0 = Release|Any CPU
		{C6B20664-FBA4-48B8-B979-BEFF20D1305C}.Release|x64.ActiveCfg = Release|Any CPU
		{C6B20664-FBA4-48B8-B979-BEFF20D1305C}.Release|x64.Build.0 = Release|Any CPU
		{C6B20664-FBA4-48B8-B979-BEFF20D1305C}.Release|x86.ActiveCfg = Release|Any CPU
		{C6B20664-FBA4-48B8-B979-BEFF20D1305C}.Release|x86.Build.0 = Release|Any CPU
	EndGlobalSection
	GlobalSection(SolutionProperties) = preSolution
		HideSolutionNode = FALSE
	EndGlobalSection
	GlobalSection(ExtensibilityGlobals) = postSolution
		SolutionGuid = {E1D63A13-C063-4068-B6D8-B394CCCF2156}
	EndGlobalSection
EndGlobal
