
Microsoft Visual Studio Solution File, Format Version 12.00
# Visual Studio Version 16
VisualStudioVersion = 16.0.30114.105
MinimumVisualStudioVersion = 10.0.40219.1
Project("{FAE04EC0-301F-11D3-BF4B-00C04F79EFBC}") = "Mecalux.OrderingWords.Api", "src\Mecalux.OrderingWords.Api\Mecalux.OrderingWords.Api.csproj", "{C6B20664-FBA4-48B8-B979-BEFF20D1305C}"
EndProject
Project("{FAE04EC0-301F-11D3-BF4B-00C04F79EFBC}") = "Mecalux.OrderingWords.Application", "src\Mecalux.OrderingWords.Application\Mecalux.OrderingWords.Application.csproj", "{A8413C5C-1A8B-426C-B065-CF58FADEE6A0}"
EndProject
Project("{FAE04EC0-301F-11D3-BF4B-00C04F79EFBC}") = "Mecalux.OrderingWords.Domain", "src\Mecalux.OrderingWords.Domain\Mecalux.OrderingWords.Domain.csproj", "{2922FB7B-2EA1-40B2-BC7D-2E75A77B3423}"
EndProject
Project("{FAE04EC0-301F-11D3-BF4B-00C04F79EFBC}") = "Mecalux.OrderingWords.Infrastructure", "src\Mecalux.OrderingWords.Infrastructure\Mecalux.OrderingWords.Infrastructure.csproj", "{45989624-4414-481B-A92B-3FF5A600BAD1}"
EndProject
Project("{FAE04EC0-301F-11D3-BF4B-00C04F79EFBC}") = "Mecalux.OrderingWords.Test", "test\Mecalux.OrderingWords.test\Mecalux.OrderingWords.Test.csproj", "{192B5191-2A9A-471A-8038-52628997AD56}"
EndProject
Global
	GlobalSection(SolutionConfigurationPlatforms) = preSolution
		Debug|Any CPU = Debug|Any CPU
		Debug|x64 = Debug|x64
		Debug|x86 = Debug|x86
		Release|Any CPU = Release|Any CPU
		Release|x64 = Release|x64
		Release|x86 = Release|x86
	EndGlobalSection
	GlobalSection(ProjectConfigurationPlatforms) = postSolution
		{C6B20664-FBA4-48B8-B979-BEFF20D1305C}.Debug|Any CPU.ActiveCfg = Debug|Any CPU
		{C6B20664-FBA4-48B8-B979-BEFF20D1305C}.Debug|Any CPU.Build.0 = Debug|Any CPU
		{C6B20664-FBA4-48B8-B979-BEFF20D1305C}.Debug|x64.ActiveCfg = Debug|Any CPU
		{C6B20664-FBA4-48B8-B979-BEFF20D1305C}.Debug|x64.Build.0 = Debug|Any CPU
		{C6B20664-FBA4-48B8-B979-BEFF20D1305C}.Debug|x86.ActiveCfg = Debug|Any CPU
		{C6B20664-FBA4-48B8-B979-BEFF20D1305C}.Debug|x86.Build.0 = Debug|Any CPU
		{C6B20664-FBA4-48B8-B979-BEFF20D1305C}.Release|Any CPU.ActiveCfg = Release|Any CPU
		{C6B20664-FBA4-48B8-B979-BEFF20D1305C}.Release|Any CPU.Build.0 = Release|Any CPU
		{C6B20664-FBA4-48B8-B979-BEFF20D1305C}.Release|x64.ActiveCfg = Release|Any CPU
		{C6B20664-FBA4-48B8-B979-BEFF20D1305C}.Release|x64.Build.0 = Release|Any CPU
		{C6B20664-FBA4-48B8-B979-BEFF20D1305C}.Release|x86.ActiveCfg = Release|Any CPU
		{C6B20664-FBA4-48B8-B979-BEFF20D1305C}.Release|x86.Build.0 = Release|Any CPU
		{A8413C5C-1A8B-426C-B065-CF58FADEE6A0}.Debug|Any CPU.ActiveCfg = Debug|Any CPU
		{A8413C5C-1A8B-426C-B065-CF58FADEE6A0}.Debug|Any CPU.Build.0 = Debug|Any CPU
		{A8413C5C-1A8B-426C-B065-CF58FADEE6A0}.Debug|x64.ActiveCfg = Debug|Any CPU
		{A8413C5C-1A8B-426C-B065-CF58FADEE6A0}.Debug|x64.Build.0 = Debug|Any CPU
		{A8413C5C-1A8B-426C-B065-CF58FADEE6A0}.Debug|x86.ActiveCfg = Debug|Any CPU
		{A8413C5C-1A8B-426C-B065-CF58FADEE6A0}.Debug|x86.Build.0 = Debug|Any CPU
		{A8413C5C-1A8B-426C-B065-CF58FADEE6A0}.Release|Any CPU.ActiveCfg = Release|Any CPU
		{A8413C5C-1A8B-426C-B065-CF58FADEE6A0}.Release|Any CPU.Build.0 = Release|Any CPU
		{A8413C5C-1A8B-426C-B065-CF58FADEE6A0}.Release|x64.ActiveCfg = Release|Any CPU
		{A8413C5C-1A8B-426C-B065-CF58FADEE6A0}.Release|x64.Build.0 = Release|Any CPU
		{A8413C5C-1A8B-426C-B065-CF58FADEE6A0}.Release|x86.ActiveCfg = Release|Any CPU
		{A8413C5C-1A8B-426C-B065-CF58FADEE6A0}.Release|x86.Build.0 = Release|Any CPU
		{2922FB7B-2EA1-40B2-BC7D-2E75A77B3423}.Debug|Any CPU.ActiveCfg = Debug|Any CPU
		{2922FB7B-2EA1-40B2-BC7D-2E75A77B3423}.Debug|Any CPU.Build.0 = Debug|Any CPU
		{2922FB7B-2EA1-40B2-BC7D-2E75A77B3423}.Debug|x64.ActiveCfg = Debug|Any CPU
		{2922FB7B-2EA1-40B2-BC7D-2E75A77B3423}.Debug|x64.Build.0 = Debug|Any CPU
		{2922FB7B-2EA1-40B2-BC7D-2E75A77B3423}.Debug|x86.ActiveCfg = Debug|Any CPU
		{2922FB7B-2EA1-40B2-BC7D-2E75A77B3423}.Debug|x86.Build.0 = Debug|Any CPU
		{2922FB7B-2EA1-40B2-BC7D-2E75A77B3423}.Release|Any CPU.ActiveCfg = Release|Any CPU
		{2922FB7B-2EA1-40B2-BC7D-2E75A77B3423}.Release|Any CPU.Build.0 = Release|Any CPU
		{2922FB7B-2EA1-40B2-BC7D-2E75A77B3423}.Release|x64.ActiveCfg = Release|Any CPU
		{2922FB7B-2EA1-40B2-BC7D-2E75A77B3423}.Release|x64.Build.0 = Release|Any CPU
		{2922FB7B-2EA1-40B2-BC7D-2E75A77B3423}.Release|x86.ActiveCfg = Release|Any CPU
		{2922FB7B-2EA1-40B2-BC7D-2E75A77B3423}.Release|x86.Build.0 = Release|Any CPU
		{45989624-4414-481B-A92B-3FF5A600BAD1}.Debug|Any CPU.ActiveCfg = Debug|Any CPU
		{45989624-4414-481B-A92B-3FF5A600BAD1}.Debug|Any CPU.Build.0 = Debug|Any CPU
		{45989624-4414-481B-A92B-3FF5A600BAD1}.Debug|x64.ActiveCfg = Debug|Any CPU
		{45989624-4414-481B-A92B-3FF5A600BAD1}.Debug|x64.Build.0 = Debug|Any CPU
		{45989624-4414-481B-A92B-3FF5A600BAD1}.Debug|x86.ActiveCfg = Debug|Any CPU
		{45989624-4414-481B-A92B-3FF5A600BAD1}.Debug|x86.Build.0 = Debug|Any CPU
		{45989624-4414-481B-A92B-3FF5A600BAD1}.Release|Any CPU.ActiveCfg = Release|Any CPU
		{45989624-4414-481B-A92B-3FF5A600BAD1}.Release|Any CPU.Build.0 = Release|Any CPU
		{45989624-4414-481B-A92B-3FF5A600BAD1}.Release|x64.ActiveCfg = Release|Any CPU
		{45989624-4414-481B-A92B-3FF5A600BAD1}.Release|x64.Build.0 = Release|Any CPU
		{45989624-4414-481B-A92B-3FF5A600BAD1}.Release|x86.ActiveCfg = Release|Any CPU
		{45989624-4414-481B-A92B-3FF5A600BAD1}.Release|x86.Build.0 = Release|Any CPU
		{192B5191-2A9A-471A-8038-52628997AD56}.Debug|Any CPU.ActiveCfg = Debug|Any CPU
		{192B5191-2A9A-471A-8038-52628997AD56}.Debug|Any CPU.Build.0 = Debug|Any CPU
		{192B5191-2A9A-471A-8038-52628997AD56}.Debug|x64.ActiveCfg = Debug|Any CPU
		{192B5191-2A9A-471A-8038-52628997AD56}.Debug|x64.Build.0 = Debug|Any CPU
		{192B5191-2A9A-471A-8038-52628997AD56}.Debug|x86.ActiveCfg = Debug|Any CPU
		{192B5191-2A9A-471A-8038-52628997AD56}.Debug|x86.Build.0 = Debug|Any CPU
		{192B5191-2A9A-471A-8038-52628997AD56}.Release|Any CPU.ActiveCfg = Release|Any CPU
		{192B5191-2A9A-471A-8038-52628997AD56}.Release|Any CPU.Build.0 = Release|Any CPU
		{192B5191-2A9A-471A-8038-52628997AD56}.Release|x64.ActiveCfg = Release|Any CPU
		{192B5191-2A9A-471A-8038-52628997AD56}.Release|x64.Build.0 = Release|Any CPU
		{192B5191-2A9A-471A-8038-52628997AD56}.Release|x86.ActiveCfg = Release|Any CPU
		{192B5191-2A9A-471A-8038-52628997AD56}.Release|x86.Build.0 = Release|Any CPU
	EndGlobalSection
	GlobalSection(SolutionProperties) = preSolution
		HideSolutionNode = FALSE
	EndGlobalSection
	GlobalSection(ExtensibilityGlobals) = postSolution
		SolutionGuid = {E1D63A13-C063-4068-B6D8-B394CCCF2156}
	EndGlobalSection
EndGlobal
